<?xml version="1.0" encoding="utf-8"?>
<Project ToolsVersion="4.0" xmlns="http://schemas.microsoft.com/developer/msbuild/2003">
  <ItemGroup>
    <Filter Include="Source Files">
      <UniqueIdentifier>{4FC737F1-C7A5-4376-A066-2A32D752A2FF}</UniqueIdentifier>
      <Extensions>cpp;c;cc;cxx;c++;cppm;ixx;def;odl;idl;hpj;bat;asm;asmx</Extensions>
    </Filter>
    <Filter Include="Header Files">
      <UniqueIdentifier>{93995380-89BD-4b04-88EB-625FBE52EBFB}</UniqueIdentifier>
      <Extensions>h;hh;hpp;hxx;h++;hm;inl;inc;ipp;xsd</Extensions>
    </Filter>
    <Filter Include="Resource Files">
      <UniqueIdentifier>{67DA6AB6-F800-4c08-8B7A-83BB121AAD01}</UniqueIdentifier>
      <Extensions>rc;ico;cur;bmp;dlg;rc2;rct;bin;rgs;gif;jpg;jpeg;jpe;resx;tiff;tif;png;wav;mfcribbon-ms</Extensions>
    </Filter>
    <Filter Include="Source Files\Shader Files">
      <UniqueIdentifier>{a8b5ff39-85c7-4196-b461-819f918ebb58}</UniqueIdentifier>
    </Filter>
  </ItemGroup>
  <ItemGroup>
    <ClCompile Include="main.cpp">
      <Filter>Source Files</Filter>
    </ClCompile>
    <ClCompile Include="Util.cpp">
      <Filter>Source Files</Filter>
    </ClCompile>
    <ClCompile Include="Input3D.cpp">
      <Filter>Source Files</Filter>
    </ClCompile>
    <ClCompile Include="Globals.cpp">
      <Filter>Source Files</Filter>
    </ClCompile>
    <ClCompile Include="Create.cpp">
      <Filter>Source Files</Filter>
    </ClCompile>
    <ClCompile Include="Model.cpp">
      <Filter>Source Files</Filter>
    </ClCompile>
  </ItemGroup>
  <ItemGroup>
    <None Include="packages.config" />
    <None Include="basic.frag">
      <Filter>Source Files\Shader Files</Filter>
    </None>
    <None Include="basic.vert">
      <Filter>Source Files\Shader Files</Filter>
    </None>
    <None Include="map3d.vert">
      <Filter>Source Files\Shader Files</Filter>
    </None>
    <None Include="map3d.frag">
      <Filter>Source Files\Shader Files</Filter>
    </None>
    <None Include="fragColor.frag">
      <Filter>Source Files\Shader Files</Filter>
    </None>
    <None Include="overlay.frag">
      <Filter>Source Files\Shader Files</Filter>
    </None>
    <None Include="overlay.vert">
      <Filter>Source Files\Shader Files</Filter>
    </None>
    <None Include="phong.vert">
      <Filter>Source Files\Shader Files</Filter>
    </None>
    <None Include="phong.frag">
      <Filter>Source Files\Shader Files</Filter>
    </None>
  </ItemGroup>
  <ItemGroup>
    <ClInclude Include="stb_image.h">
      <Filter>Header Files</Filter>
    </ClInclude>
    <ClInclude Include="Util.h">
      <Filter>Header Files</Filter>
    </ClInclude>
    <ClInclude Include="Input3D.h">
      <Filter>Header Files</Filter>
    </ClInclude>
    <ClInclude Include="Globals.h">
      <Filter>Header Files</Filter>
    </ClInclude>
    <ClInclude Include="Create.h">
      <Filter>Header Files</Filter>
    </ClInclude>
    <ClInclude Include="mesh.hpp">
      <Filter>Source Files</Filter>
    </ClInclude>
    <ClInclude Include="model.hpp">
      <Filter>Source Files</Filter>
    </ClInclude>
    <ClInclude Include="shader.hpp">
      <Filter>Source Files</Filter>
    </ClInclude>
  </ItemGroup>
  <ItemGroup>
    <Image Include="..\2D-Mapa-projekat\Resources\map.jpg">
      <Filter>Resource Files</Filter>
    </Image>
    <Image Include="res\nesto.png.PNG">
      <Filter>Resource Files</Filter>
    </Image>
    <Image Include="res\walking.png">
      <Filter>Resource Files</Filter>
    </Image>
    <Image Include="res\digits.png">
      <Filter>Resource Files</Filter>
    </Image>
    <Image Include="res\lenjir.png">
      <Filter>Resource Files</Filter>
    </Image>
  </ItemGroup>
  <ItemGroup>
    <Object Include="..\..\..\..\Downloads\fdx54mtvuz28-FinalBaseMesh\Terminator.obj">
      <Filter>Resource Files</Filter>
    </Object>
  </ItemGroup>
</Project>